// !$*UTF8*$!
{
	archiveVersion = 1;
	classes = {
	};
	objectVersion = 46;
	objects = {

/* Begin PBXBuildFile section */
		5C13BD711F041D7A00BA3905 /* AppDelegate.swift in Sources */ = {isa = PBXBuildFile; fileRef = 5C13BD701F041D7A00BA3905 /* AppDelegate.swift */; };
		5C13BD731F041D7A00BA3905 /* ViewController.swift in Sources */ = {isa = PBXBuildFile; fileRef = 5C13BD721F041D7A00BA3905 /* ViewController.swift */; };
		5C13BD761F041D7A00BA3905 /* Main.storyboard in Resources */ = {isa = PBXBuildFile; fileRef = 5C13BD741F041D7A00BA3905 /* Main.storyboard */; };
		5C13BD781F041D7A00BA3905 /* Assets.xcassets in Resources */ = {isa = PBXBuildFile; fileRef = 5C13BD771F041D7A00BA3905 /* Assets.xcassets */; };
		5C13BD7B1F041D7A00BA3905 /* LaunchScreen.storyboard in Resources */ = {isa = PBXBuildFile; fileRef = 5C13BD791F041D7A00BA3905 /* LaunchScreen.storyboard */; };
		5C13BD831F041F0300BA3905 /* pokemon.csv in Resources */ = {isa = PBXBuildFile; fileRef = 5C13BD821F041F0300BA3905 /* pokemon.csv */; };
		5C13BD861F04203E00BA3905 /* Pokemon.swift in Sources */ = {isa = PBXBuildFile; fileRef = 5C13BD851F04203E00BA3905 /* Pokemon.swift */; };
		5C13BD881F04248800BA3905 /* music.mp3 in Resources */ = {isa = PBXBuildFile; fileRef = 5C13BD871F04248800BA3905 /* music.mp3 */; };
		5C13BD8B1F04411200BA3905 /* PokeCell.swift in Sources */ = {isa = PBXBuildFile; fileRef = 5C13BD8A1F04411200BA3905 /* PokeCell.swift */; };
/* End PBXBuildFile section */

/* Begin PBXFileReference section */
		5C13BD6D1F041D7A00BA3905 /* Pokedex.app */ = {isa = PBXFileReference; explicitFileType = wrapper.application; includeInIndex = 0; path = Pokedex.app; sourceTree = BUILT_PRODUCTS_DIR; };
		5C13BD701F041D7A00BA3905 /* AppDelegate.swift */ = {isa = PBXFileReference; lastKnownFileType = sourcecode.swift; path = AppDelegate.swift; sourceTree = "<group>"; };
		5C13BD721F041D7A00BA3905 /* ViewController.swift */ = {isa = PBXFileReference; lastKnownFileType = sourcecode.swift; path = ViewController.swift; sourceTree = "<group>"; };
		5C13BD751F041D7A00BA3905 /* Base */ = {isa = PBXFileReference; lastKnownFileType = file.storyboard; name = Base; path = Base.lproj/Main.storyboard; sourceTree = "<group>"; };
		5C13BD771F041D7A00BA3905 /* Assets.xcassets */ = {isa = PBXFileReference; lastKnownFileType = folder.assetcatalog; path = Assets.xcassets; sourceTree = "<group>"; };
		5C13BD7A1F041D7A00BA3905 /* Base */ = {isa = PBXFileReference; lastKnownFileType = file.storyboard; name = Base; path = Base.lproj/LaunchScreen.storyboard; sourceTree = "<group>"; };
		5C13BD7C1F041D7A00BA3905 /* Info.plist */ = {isa = PBXFileReference; lastKnownFileType = text.plist.xml; path = Info.plist; sourceTree = "<group>"; };
		5C13BD821F041F0300BA3905 /* pokemon.csv */ = {isa = PBXFileReference; fileEncoding = 4; lastKnownFileType = text; path = pokemon.csv; sourceTree = "<group>"; };
		5C13BD851F04203E00BA3905 /* Pokemon.swift */ = {isa = PBXFileReference; fileEncoding = 4; lastKnownFileType = sourcecode.swift; path = Pokemon.swift; sourceTree = "<group>"; };
		5C13BD871F04248800BA3905 /* music.mp3 */ = {isa = PBXFileReference; lastKnownFileType = audio.mp3; path = music.mp3; sourceTree = "<group>"; };
		5C13BD8A1F04411200BA3905 /* PokeCell.swift */ = {isa = PBXFileReference; fileEncoding = 4; lastKnownFileType = sourcecode.swift; path = PokeCell.swift; sourceTree = "<group>"; };
/* End PBXFileReference section */

/* Begin PBXFrameworksBuildPhase section */
		5C13BD6A1F041D7A00BA3905 /* Frameworks */ = {
			isa = PBXFrameworksBuildPhase;
			buildActionMask = 2147483647;
			files = (
			);
			runOnlyForDeploymentPostprocessing = 0;
		};
/* End PBXFrameworksBuildPhase section */

/* Begin PBXGroup section */
		5C13BD641F041D7A00BA3905 = {
			isa = PBXGroup;
			children = (
				5C13BD6F1F041D7A00BA3905 /* Pokedex */,
				5C13BD6E1F041D7A00BA3905 /* Products */,
			);
			sourceTree = "<group>";
		};
		5C13BD6E1F041D7A00BA3905 /* Products */ = {
			isa = PBXGroup;
			children = (
				5C13BD6D1F041D7A00BA3905 /* Pokedex.app */,
			);
			name = Products;
			sourceTree = "<group>";
		};
		5C13BD6F1F041D7A00BA3905 /* Pokedex */ = {
			isa = PBXGroup;
			children = (
				5C13BD891F0440F700BA3905 /* View */,
				5C13BD841F04203000BA3905 /* Model */,
				5C13BD701F041D7A00BA3905 /* AppDelegate.swift */,
				5C13BD721F041D7A00BA3905 /* ViewController.swift */,
				5C13BD741F041D7A00BA3905 /* Main.storyboard */,
				5C13BD771F041D7A00BA3905 /* Assets.xcassets */,
				5C13BD821F041F0300BA3905 /* pokemon.csv */,
				5C13BD871F04248800BA3905 /* music.mp3 */,
				5C13BD791F041D7A00BA3905 /* LaunchScreen.storyboard */,
				5C13BD7C1F041D7A00BA3905 /* Info.plist */,
			);
			path = Pokedex;
			sourceTree = "<group>";
		};
		5C13BD841F04203000BA3905 /* Model */ = {
			isa = PBXGroup;
			children = (
				5C13BD851F04203E00BA3905 /* Pokemon.swift */,
			);
			name = Model;
			sourceTree = "<group>";
		};
		5C13BD891F0440F700BA3905 /* View */ = {
			isa = PBXGroup;
			children = (
				5C13BD8A1F04411200BA3905 /* PokeCell.swift */,
			);
			name = View;
			sourceTree = "<group>";
		};
/* End PBXGroup section */

/* Begin PBXNativeTarget section */
		5C13BD6C1F041D7A00BA3905 /* Pokedex */ = {
			isa = PBXNativeTarget;
			buildConfigurationList = 5C13BD7F1F041D7A00BA3905 /* Build configuration list for PBXNativeTarget "Pokedex" */;
			buildPhases = (
				5C13BD691F041D7A00BA3905 /* Sources */,
				5C13BD6A1F041D7A00BA3905 /* Frameworks */,
				5C13BD6B1F041D7A00BA3905 /* Resources */,
			);
			buildRules = (
			);
			dependencies = (
			);
			name = Pokedex;
			productName = Pokedex;
			productReference = 5C13BD6D1F041D7A00BA3905 /* Pokedex.app */;
			productType = "com.apple.product-type.application";
		};
/* End PBXNativeTarget section */

/* Begin PBXProject section */
		5C13BD651F041D7A00BA3905 /* Project object */ = {
			isa = PBXProject;
			attributes = {
				LastSwiftUpdateCheck = 0830;
				LastUpgradeCheck = 0830;
				ORGANIZATIONNAME = "Antonio Villavicencio";
				TargetAttributes = {
					5C13BD6C1F041D7A00BA3905 = {
						CreatedOnToolsVersion = 8.3.3;
						DevelopmentTeam = 727EFZ7A6C;
						ProvisioningStyle = Automatic;
					};
				};
			};
			buildConfigurationList = 5C13BD681F041D7A00BA3905 /* Build configuration list for PBXProject "Pokedex" */;
			compatibilityVersion = "Xcode 3.2";
			developmentRegion = English;
			hasScannedForEncodings = 0;
			knownRegions = (
				en,
				Base,
			);
			mainGroup = 5C13BD641F041D7A00BA3905;
			productRefGroup = 5C13BD6E1F041D7A00BA3905 /* Products */;
			projectDirPath = "";
			projectRoot = "";
			targets = (
				5C13BD6C1F041D7A00BA3905 /* Pokedex */,
			);
		};
/* End PBXProject section */

/* Begin PBXResourcesBuildPhase section */
		5C13BD6B1F041D7A00BA3905 /* Resources */ = {
			isa = PBXResourcesBuildPhase;
			buildActionMask = 2147483647;
			files = (
				5C13BD881F04248800BA3905 /* music.mp3 in Resources */,
				5C13BD7B1F041D7A00BA3905 /* LaunchScreen.storyboard in Resources */,
				5C13BD781F041D7A00BA3905 /* Assets.xcassets in Resources */,
				5C13BD831F041F0300BA3905 /* pokemon.csv in Resources */,
				5C13BD761F041D7A00BA3905 /* Main.storyboard in Resources */,
			);
			runOnlyForDeploymentPostprocessing = 0;
		};
/* End PBXResourcesBuildPhase section */

/* Begin PBXSourcesBuildPhase section */
		5C13BD691F041D7A00BA3905 /* Sources */ = {
			isa = PBXSourcesBuildPhase;
			buildActionMask = 2147483647;
			files = (
				5C13BD8B1F04411200BA3905 /* PokeCell.swift in Sources */,
				5C13BD731F041D7A00BA3905 /* ViewController.swift in Sources */,
				5C13BD711F041D7A00BA3905 /* AppDelegate.swift in Sources */,
				5C13BD861F04203E00BA3905 /* Pokemon.swift in Sources */,
			);
			runOnlyForDeploymentPostprocessing = 0;
		};
/* End PBXSourcesBuildPhase section */

/* Begin PBXVariantGroup section */
		5C13BD741F041D7A00BA3905 /* Main.storyboard */ = {
			isa = PBXVariantGroup;
			children = (
				5C13BD751F041D7A00BA3905 /* Base */,
			);
			name = Main.storyboard;
			sourceTree = "<group>";
		};
		5C13BD791F041D7A00BA3905 /* LaunchScreen.storyboard */ = {
			isa = PBXVariantGroup;
			children = (
				5C13BD7A1F041D7A00BA3905 /* Base */,
			);
			name = LaunchScreen.storyboard;
			sourceTree = "<group>";
		};
/* End PBXVariantGroup section */

/* Begin XCBuildConfiguration section */
		5C13BD7D1F041D7A00BA3905 /* Debug */ = {
			isa = XCBuildConfiguration;
			buildSettings = {
				ALWAYS_SEARCH_USER_PATHS = NO;
				CLANG_ANALYZER_NONNULL = YES;
				CLANG_ANALYZER_NUMBER_OBJECT_CONVERSION = YES_AGGRESSIVE;
				CLANG_CXX_LANGUAGE_STANDARD = "gnu++0x";
				CLANG_CXX_LIBRARY = "libc++";
				CLANG_ENABLE_MODULES = YES;
				CLANG_ENABLE_OBJC_ARC = YES;
				CLANG_WARN_BOOL_CONVERSION = YES;
				CLANG_WARN_CONSTANT_CONVERSION = YES;
				CLANG_WARN_DIRECT_OBJC_ISA_USAGE = YES_ERROR;
				CLANG_WARN_DOCUMENTATION_COMMENTS = YES;
				CLANG_WARN_EMPTY_BODY = YES;
				CLANG_WARN_ENUM_CONVERSION = YES;
				CLANG_WARN_INFINITE_RECURSION = YES;
				CLANG_WARN_INT_CONVERSION = YES;
				CLANG_WARN_OBJC_ROOT_CLASS = YES_ERROR;
				CLANG_WARN_SUSPICIOUS_MOVE = YES;
				CLANG_WARN_UNREACHABLE_CODE = YES;
				CLANG_WARN__DUPLICATE_METHOD_MATCH = YES;
				"CODE_SIGN_IDENTITY[sdk=iphoneos*]" = "iPhone Developer";
				COPY_PHASE_STRIP = NO;
				DEBUG_INFORMATION_FORMAT = dwarf;
				ENABLE_STRICT_OBJC_MSGSEND = YES;
				ENABLE_TESTABILITY = YES;
				GCC_C_LANGUAGE_STANDARD = gnu99;
				GCC_DYNAMIC_NO_PIC = NO;
				GCC_NO_COMMON_BLOCKS = YES;
				GCC_OPTIMIZATION_LEVEL = 0;
				GCC_PREPROCESSOR_DEFINITIONS = (
					"DEBUG=1",
					"$(inherited)",
				);
				GCC_WARN_64_TO_32_BIT_CONVERSION = YES;
				GCC_WARN_ABOUT_RETURN_TYPE = YES_ERROR;
				GCC_WARN_UNDECLARED_SELECTOR = YES;
				GCC_WARN_UNINITIALIZED_AUTOS = YES_AGGRESSIVE;
				GCC_WARN_UNUSED_FUNCTION = YES;
				GCC_WARN_UNUSED_VARIABLE = YES;
				IPHONEOS_DEPLOYMENT_TARGET = 10.3;
				MTL_ENABLE_DEBUG_INFO = YES;
				ONLY_ACTIVE_ARCH = YES;
				SDKROOT = iphoneos;
				SWIFT_ACTIVE_COMPILATION_CONDITIONS = DEBUG;
				SWIFT_OPTIMIZATION_LEVEL = "-Onone";
			};
			name = Debug;
		};
		5C13BD7E1F041D7A00BA3905 /* Release */ = {
			isa = XCBuildConfiguration;
			buildSettings = {
				ALWAYS_SEARCH_USER_PATHS = NO;
				CLANG_ANALYZER_NONNULL = YES;
				CLANG_ANALYZER_NUMBER_OBJECT_CONVERSION = YES_AGGRESSIVE;
				CLANG_CXX_LANGUAGE_STANDARD = "gnu++0x";
				CLANG_CXX_LIBRARY = "libc++";
				CLANG_ENABLE_MODULES = YES;
				CLANG_ENABLE_OBJC_ARC = YES;
				CLANG_WARN_BOOL_CONVERSION = YES;
				CLANG_WARN_CONSTANT_CONVERSION = YES;
				CLANG_WARN_DIRECT_OBJC_ISA_USAGE = YES_ERROR;
				CLANG_WARN_DOCUMENTATION_COMMENTS = YES;
				CLANG_WARN_EMPTY_BODY = YES;
				CLANG_WARN_ENUM_CONVERSION = YES;
				CLANG_WARN_INFINITE_RECURSION = YES;
				CLANG_WARN_INT_CONVERSION = YES;
				CLANG_WARN_OBJC_ROOT_CLASS = YES_ERROR;
				CLANG_WARN_SUSPICIOUS_MOVE = YES;
				CLANG_WARN_UNREACHABLE_CODE = YES;
				CLANG_WARN__DUPLICATE_METHOD_MATCH = YES;
				"CODE_SIGN_IDENTITY[sdk=iphoneos*]" = "iPhone Developer";
				COPY_PHASE_STRIP = NO;
				DEBUG_INFORMATION_FORMAT = "dwarf-with-dsym";
				ENABLE_NS_ASSERTIONS = NO;
				ENABLE_STRICT_OBJC_MSGSEND = YES;
				GCC_C_LANGUAGE_STANDARD = gnu99;
				GCC_NO_COMMON_BLOCKS = YES;
				GCC_WARN_64_TO_32_BIT_CONVERSION = YES;
				GCC_WARN_ABOUT_RETURN_TYPE = YES_ERROR;
				GCC_WARN_UNDECLARED_SELECTOR = YES;
				GCC_WARN_UNINITIALIZED_AUTOS = YES_AGGRESSIVE;
				GCC_WARN_UNUSED_FUNCTION = YES;
				GCC_WARN_UNUSED_VARIABLE = YES;
				IPHONEOS_DEPLOYMENT_TARGET = 10.3;
				MTL_ENABLE_DEBUG_INFO = NO;
				SDKROOT = iphoneos;
				SWIFT_OPTIMIZATION_LEVEL = "-Owholemodule";
				VALIDATE_PRODUCT = YES;
			};
			name = Release;
		};
		5C13BD801F041D7A00BA3905 /* Debug */ = {
			isa = XCBuildConfiguration;
			buildSettings = {
				ASSETCATALOG_COMPILER_APPICON_NAME = AppIcon;
				DEVELOPMENT_TEAM = 727EFZ7A6C;
				INFOPLIST_FILE = Pokedex/Info.plist;
				LD_RUNPATH_SEARCH_PATHS = "$(inherited) @executable_path/Frameworks";
				PRODUCT_BUNDLE_IDENTIFIER = com.javc.Pokedex;
				PRODUCT_NAME = "$(TARGET_NAME)";
				SWIFT_VERSION = 3.0;
			};
			name = Debug;
		};
		5C13BD811F041D7A00BA3905 /* Release */ = {
			isa = XCBuildConfiguration;
			buildSettings = {
				ASSETCATALOG_COMPILER_APPICON_NAME = AppIcon;
				DEVELOPMENT_TEAM = 727EFZ7A6C;
				INFOPLIST_FILE = Pokedex/Info.plist;
				LD_RUNPATH_SEARCH_PATHS = "$(inherited) @executable_path/Frameworks";
				PRODUCT_BUNDLE_IDENTIFIER = com.javc.Pokedex;
				PRODUCT_NAME = "$(TARGET_NAME)";
				SWIFT_VERSION = 3.0;
			};
			name = Release;
		};
/* End XCBuildConfiguration section */

/* Begin XCConfigurationList section */
		5C13BD681F041D7A00BA3905 /* Build configuration list for PBXProject "Pokedex" */ = {
			isa = XCConfigurationList;
			buildConfigurations = (
				5C13BD7D1F041D7A00BA3905 /* Debug */,
				5C13BD7E1F041D7A00BA3905 /* Release */,
			);
			defaultConfigurationIsVisible = 0;
			defaultConfigurationName = Release;
		};
		5C13BD7F1F041D7A00BA3905 /* Build configuration list for PBXNativeTarget "Pokedex" */ = {
			isa = XCConfigurationList;
			buildConfigurations = (
				5C13BD801F041D7A00BA3905 /* Debug */,
				5C13BD811F041D7A00BA3905 /* Release */,
			);
			defaultConfigurationIsVisible = 0;
			defaultConfigurationName = Release;
		};
/* End XCConfigurationList section */
	};
	rootObject = 5C13BD651F041D7A00BA3905 /* Project object */;
}
